
Microsoft Visual Studio Solution File, Format Version 12.00
# Visual Studio Version 17
VisualStudioVersion = 17.5.33627.172
MinimumVisualStudioVersion = 10.0.40219.1
Project("{FAE04EC0-301F-11D3-BF4B-00C04F79EFBC}") = "Socket 4I", "Socket 4I\Socket 4I.csproj", "{DFF66FA6-D23B-4845-8453-689E74B85FE7}"
EndProject
Project("{FAE04EC0-301F-11D3-BF4B-00C04F79EFBC}") = "Client", "Client\Client.csproj", "{8279033C-CFD1-43AE-B8CC-5DB2D16556B5}"
EndProject
Global
	GlobalSection(SolutionConfigurationPlatforms) = preSolution
		Debug|Any CPU = Debug|Any CPU
		Release|Any CPU = Release|Any CPU
	EndGlobalSection
	GlobalSection(ProjectConfigurationPlatforms) = postSolution
		{DFF66FA6-D23B-4845-8453-689E74B85FE7}.Debug|Any CPU.ActiveCfg = Debug|Any CPU
		{DFF66FA6-D23B-4845-8453-689E74B85FE7}.Debug|Any CPU.Build.0 = Debug|Any CPU
		{DFF66FA6-D23B-4845-8453-689E74B85FE7}.Release|Any CPU.ActiveCfg = Release|Any CPU
		{DFF66FA6-D23B-4845-8453-689E74B85FE7}.Release|Any CPU.Build.0 = Release|Any CPU
		{8279033C-CFD1-43AE-B8CC-5DB2D16556B5}.Debug|Any CPU.ActiveCfg = Debug|Any CPU
		{8279033C-CFD1-43AE-B8CC-5DB2D16556B5}.Debug|Any CPU.Build.0 = Debug|Any CPU
		{8279033C-CFD1-43AE-B8CC-5DB2D16556B5}.Release|Any CPU.ActiveCfg = Release|Any CPU
		{8279033C-CFD1-43AE-B8CC-5DB2D16556B5}.Release|Any CPU.Build.0 = Release|Any CPU
	EndGlobalSection
	GlobalSection(SolutionProperties) = preSolution
		HideSolutionNode = FALSE
	EndGlobalSection
EndGlobal
